
Microsoft Visual Studio Solution File, Format Version 12.00
# Visual Studio 15
VisualStudioVersion = 15.0.28307.960
MinimumVisualStudioVersion = 10.0.40219.1
Project("{FAE04EC0-301F-11D3-BF4B-00C04F79EFBC}") = "FourthWebApp", "FourthWebApp\FourthWebApp.csproj", "{6133CA3F-139F-49DC-87C9-5E7C7E2F5515}"
EndProject
Global
	GlobalSection(SolutionConfigurationPlatforms) = preSolution
		Debug|Any CPU = Debug|Any CPU
		Release|Any CPU = Release|Any CPU
	EndGlobalSection
	GlobalSection(ProjectConfigurationPlatforms) = postSolution
		{6133CA3F-139F-49DC-87C9-5E7C7E2F5515}.Debug|Any CPU.ActiveCfg = Debug|Any CPU
		{6133CA3F-139F-49DC-87C9-5E7C7E2F5515}.Debug|Any CPU.Build.0 = Debug|Any CPU
		{6133CA3F-139F-49DC-87C9-5E7C7E2F5515}.Release|Any CPU.ActiveCfg = Release|Any CPU
		{6133CA3F-139F-49DC-87C9-5E7C7E2F5515}.Release|Any CPU.Build.0 = Release|Any CPU
	EndGlobalSection
	GlobalSection(SolutionProperties) = preSolution
		HideSolutionNode = FALSE
	EndGlobalSection
	GlobalSection(ExtensibilityGlobals) = postSolution
		SolutionGuid = {AFB58591-79BA-4842-BCDD-8822D495082D}
	EndGlobalSection
EndGlobal
